
Microsoft Visual Studio Solution File, Format Version 12.00
# Visual Studio Version 17
VisualStudioVersion = 17.0.32014.148
MinimumVisualStudioVersion = 10.0.40219.1
Project("{9A19103F-16F7-4668-BE54-9A1E7A4F7556}") = "Desk.API", "Desk.API\Desk.API.csproj", "{8E85AC18-02C0-4509-B449-B371D6ECECE9}"
EndProject
Project("{9A19103F-16F7-4668-BE54-9A1E7A4F7556}") = "Desk.Migrations", "Desk.Migrations\Desk.Migrations.csproj", "{6841BCBA-FA8E-4290-B942-55125AB08CBF}"
EndProject
Project("{9A19103F-16F7-4668-BE54-9A1E7A4F7556}") = "Desk.Domain", "Desk.Domain\Desk.Domain.csproj", "{3BBBDCD7-5B9B-40FE-8841-8EDDEBEA7021}"
EndProject
Project("{9A19103F-16F7-4668-BE54-9A1E7A4F7556}") = "Desk.Core", "Desk.Core\Desk.Core.csproj", "{E8086D4B-1345-467C-9E8A-416E083DF880}"
EndProject
Project("{9A19103F-16F7-4668-BE54-9A1E7A4F7556}") = "Desk.Core.Tests", "Desk.Core.Tests\Desk.Core.Tests.csproj", "{5FD1C521-0FE4-48B1-A176-2FC0EE01AD44}"
EndProject
Project("{E53339B2-1760-4266-BCC7-CA923CBCF16C}") = "docker-compose", "docker-compose.dcproj", "{F312F4E4-418B-4660-8168-EACC8836DA68}"
EndProject
Project("{9A19103F-16F7-4668-BE54-9A1E7A4F7556}") = "Desk.Shared", "Desk.Shared\Desk.Shared.csproj", "{3E3AC9FD-CE89-4A23-8E70-C7C45173338F}"
EndProject
Project("{9A19103F-16F7-4668-BE54-9A1E7A4F7556}") = "Desk.Identity", "Desk.Identity\Desk.Identity.csproj", "{1DB54DAB-28C7-4672-AB82-BDF30166E1F6}"
EndProject
Project("{FAE04EC0-301F-11D3-BF4B-00C04F79EFBC}") = "Desk.Identity.Tests", "Desk.Identity.Tests\Desk.Identity.Tests.csproj", "{1BF70EAB-9666-4D6E-8797-51876FB5639F}"
EndProject
Global
	GlobalSection(SolutionConfigurationPlatforms) = preSolution
		Debug|Any CPU = Debug|Any CPU
		Release|Any CPU = Release|Any CPU
	EndGlobalSection
	GlobalSection(ProjectConfigurationPlatforms) = postSolution
		{8E85AC18-02C0-4509-B449-B371D6ECECE9}.Debug|Any CPU.ActiveCfg = Debug|Any CPU
		{8E85AC18-02C0-4509-B449-B371D6ECECE9}.Debug|Any CPU.Build.0 = Debug|Any CPU
		{8E85AC18-02C0-4509-B449-B371D6ECECE9}.Release|Any CPU.ActiveCfg = Release|Any CPU
		{8E85AC18-02C0-4509-B449-B371D6ECECE9}.Release|Any CPU.Build.0 = Release|Any CPU
		{6841BCBA-FA8E-4290-B942-55125AB08CBF}.Debug|Any CPU.ActiveCfg = Debug|Any CPU
		{6841BCBA-FA8E-4290-B942-55125AB08CBF}.Debug|Any CPU.Build.0 = Debug|Any CPU
		{6841BCBA-FA8E-4290-B942-55125AB08CBF}.Release|Any CPU.ActiveCfg = Release|Any CPU
		{6841BCBA-FA8E-4290-B942-55125AB08CBF}.Release|Any CPU.Build.0 = Release|Any CPU
		{3BBBDCD7-5B9B-40FE-8841-8EDDEBEA7021}.Debug|Any CPU.ActiveCfg = Debug|Any CPU
		{3BBBDCD7-5B9B-40FE-8841-8EDDEBEA7021}.Debug|Any CPU.Build.0 = Debug|Any CPU
		{3BBBDCD7-5B9B-40FE-8841-8EDDEBEA7021}.Release|Any CPU.ActiveCfg = Release|Any CPU
		{3BBBDCD7-5B9B-40FE-8841-8EDDEBEA7021}.Release|Any CPU.Build.0 = Release|Any CPU
		{E8086D4B-1345-467C-9E8A-416E083DF880}.Debug|Any CPU.ActiveCfg = Debug|Any CPU
		{E8086D4B-1345-467C-9E8A-416E083DF880}.Debug|Any CPU.Build.0 = Debug|Any CPU
		{E8086D4B-1345-467C-9E8A-416E083DF880}.Release|Any CPU.ActiveCfg = Release|Any CPU
		{E8086D4B-1345-467C-9E8A-416E083DF880}.Release|Any CPU.Build.0 = Release|Any CPU
		{5FD1C521-0FE4-48B1-A176-2FC0EE01AD44}.Debug|Any CPU.ActiveCfg = Debug|Any CPU
		{5FD1C521-0FE4-48B1-A176-2FC0EE01AD44}.Debug|Any CPU.Build.0 = Debug|Any CPU
		{5FD1C521-0FE4-48B1-A176-2FC0EE01AD44}.Release|Any CPU.ActiveCfg = Release|Any CPU
		{5FD1C521-0FE4-48B1-A176-2FC0EE01AD44}.Release|Any CPU.Build.0 = Release|Any CPU
		{F312F4E4-418B-4660-8168-EACC8836DA68}.Debug|Any CPU.ActiveCfg = Debug|Any CPU
		{F312F4E4-418B-4660-8168-EACC8836DA68}.Debug|Any CPU.Build.0 = Debug|Any CPU
		{F312F4E4-418B-4660-8168-EACC8836DA68}.Release|Any CPU.ActiveCfg = Release|Any CPU
		{F312F4E4-418B-4660-8168-EACC8836DA68}.Release|Any CPU.Build.0 = Release|Any CPU
		{3E3AC9FD-CE89-4A23-8E70-C7C45173338F}.Debug|Any CPU.ActiveCfg = Debug|Any CPU
		{3E3AC9FD-CE89-4A23-8E70-C7C45173338F}.Debug|Any CPU.Build.0 = Debug|Any CPU
		{3E3AC9FD-CE89-4A23-8E70-C7C45173338F}.Release|Any CPU.ActiveCfg = Release|Any CPU
		{3E3AC9FD-CE89-4A23-8E70-C7C45173338F}.Release|Any CPU.Build.0 = Release|Any CPU
		{1DB54DAB-28C7-4672-AB82-BDF30166E1F6}.Debug|Any CPU.ActiveCfg = Debug|Any CPU
		{1DB54DAB-28C7-4672-AB82-BDF30166E1F6}.Debug|Any CPU.Build.0 = Debug|Any CPU
		{1DB54DAB-28C7-4672-AB82-BDF30166E1F6}.Release|Any CPU.ActiveCfg = Release|Any CPU
		{1DB54DAB-28C7-4672-AB82-BDF30166E1F6}.Release|Any CPU.Build.0 = Release|Any CPU
		{1BF70EAB-9666-4D6E-8797-51876FB5639F}.Debug|Any CPU.ActiveCfg = Debug|Any CPU
		{1BF70EAB-9666-4D6E-8797-51876FB5639F}.Debug|Any CPU.Build.0 = Debug|Any CPU
		{1BF70EAB-9666-4D6E-8797-51876FB5639F}.Release|Any CPU.ActiveCfg = Release|Any CPU
		{1BF70EAB-9666-4D6E-8797-51876FB5639F}.Release|Any CPU.Build.0 = Release|Any CPU
	EndGlobalSection
	GlobalSection(SolutionProperties) = preSolution
		HideSolutionNode = FALSE
	EndGlobalSection
	GlobalSection(ExtensibilityGlobals) = postSolution
		SolutionGuid = {6E8FD9A7-587F-43E8-9509-8D939F9AAE52}
	EndGlobalSection
EndGlobal
